
Microsoft Visual Studio Solution File, Format Version 12.00
# Visual Studio 15
VisualStudioVersion = 15.0.28010.2026
MinimumVisualStudioVersion = 10.0.40219.1
Project("{FAE04EC0-301F-11D3-BF4B-00C04F79EFBC}") = "Día3", "ConsoleApp1\Día3.csproj", "{08AB84F8-00DD-466B-BE45-90DD7A3542EE}"
EndProject
Global
	GlobalSection(SolutionConfigurationPlatforms) = preSolution
		Debug|Any CPU = Debug|Any CPU
		Release|Any CPU = Release|Any CPU
	EndGlobalSection
	GlobalSection(ProjectConfigurationPlatforms) = postSolution
		{08AB84F8-00DD-466B-BE45-90DD7A3542EE}.Debug|Any CPU.ActiveCfg = Debug|Any CPU
		{08AB84F8-00DD-466B-BE45-90DD7A3542EE}.Debug|Any CPU.Build.0 = Debug|Any CPU
		{08AB84F8-00DD-466B-BE45-90DD7A3542EE}.Release|Any CPU.ActiveCfg = Release|Any CPU
		{08AB84F8-00DD-466B-BE45-90DD7A3542EE}.Release|Any CPU.Build.0 = Release|Any CPU
	EndGlobalSection
	GlobalSection(SolutionProperties) = preSolution
		HideSolutionNode = FALSE
	EndGlobalSection
	GlobalSection(ExtensibilityGlobals) = postSolution
		SolutionGuid = {5024DBD9-486E-44C1-A3BD-EA83A8461D7B}
	EndGlobalSection
EndGlobal
